
Microsoft Visual Studio Solution File, Format Version 12.00
# Visual Studio Version 16
VisualStudioVersion = 16.0.31515.178
MinimumVisualStudioVersion = 10.0.40219.1
Project("{FAE04EC0-301F-11D3-BF4B-00C04F79EFBC}") = "TestFengshuiNumber", "TestFengshuiNumber\TestFengshuiNumber.csproj", "{DFB5CBAA-B196-41C3-B72D-B78AB69B0360}"
EndProject
Global
	GlobalSection(SolutionConfigurationPlatforms) = preSolution
		Debug|Any CPU = Debug|Any CPU
		Release|Any CPU = Release|Any CPU
	EndGlobalSection
	GlobalSection(ProjectConfigurationPlatforms) = postSolution
		{DFB5CBAA-B196-41C3-B72D-B78AB69B0360}.Debug|Any CPU.ActiveCfg = Debug|Any CPU
		{DFB5CBAA-B196-41C3-B72D-B78AB69B0360}.Debug|Any CPU.Build.0 = Debug|Any CPU
		{DFB5CBAA-B196-41C3-B72D-B78AB69B0360}.Release|Any CPU.ActiveCfg = Release|Any CPU
		{DFB5CBAA-B196-41C3-B72D-B78AB69B0360}.Release|Any CPU.Build.0 = Release|Any CPU
	EndGlobalSection
	GlobalSection(SolutionProperties) = preSolution
		HideSolutionNode = FALSE
	EndGlobalSection
	GlobalSection(ExtensibilityGlobals) = postSolution
		SolutionGuid = {9E419237-EFC6-4368-9E48-A7643DA1B613}
	EndGlobalSection
EndGlobal
