
Microsoft Visual Studio Solution File, Format Version 12.00
# Visual Studio Version 16
VisualStudioVersion = 16.0.31515.178
MinimumVisualStudioVersion = 10.0.40219.1
Project("{FAE04EC0-301F-11D3-BF4B-00C04F79EFBC}") = "WebsiteAPI_SMS", "WebsiteAPI_SMS\WebsiteAPI_SMS.csproj", "{38B09A9C-D69A-4CBA-87A2-FCE59F3AE98A}"
EndProject
Global
	GlobalSection(SolutionConfigurationPlatforms) = preSolution
		Debug|Any CPU = Debug|Any CPU
		Release|Any CPU = Release|Any CPU
	EndGlobalSection
	GlobalSection(ProjectConfigurationPlatforms) = postSolution
		{38B09A9C-D69A-4CBA-87A2-FCE59F3AE98A}.Debug|Any CPU.ActiveCfg = Debug|Any CPU
		{38B09A9C-D69A-4CBA-87A2-FCE59F3AE98A}.Debug|Any CPU.Build.0 = Debug|Any CPU
		{38B09A9C-D69A-4CBA-87A2-FCE59F3AE98A}.Release|Any CPU.ActiveCfg = Release|Any CPU
		{38B09A9C-D69A-4CBA-87A2-FCE59F3AE98A}.Release|Any CPU.Build.0 = Release|Any CPU
	EndGlobalSection
	GlobalSection(SolutionProperties) = preSolution
		HideSolutionNode = FALSE
	EndGlobalSection
	GlobalSection(ExtensibilityGlobals) = postSolution
		SolutionGuid = {230DC801-E91B-42EF-8968-5D326D6094B0}
	EndGlobalSection
EndGlobal
