
Microsoft Visual Studio Solution File, Format Version 12.00
# Visual Studio Version 16
VisualStudioVersion = 16.0.31624.102
MinimumVisualStudioVersion = 10.0.40219.1
Project("{9A19103F-16F7-4668-BE54-9A1E7A4F7556}") = "WebApp", "WebApp\WebApp.csproj", "{0338A471-D4EE-4155-B2CC-F095CA6BCF0D}"
EndProject
Global
	GlobalSection(SolutionConfigurationPlatforms) = preSolution
		Debug|Any CPU = Debug|Any CPU
		Release|Any CPU = Release|Any CPU
	EndGlobalSection
	GlobalSection(ProjectConfigurationPlatforms) = postSolution
		{0338A471-D4EE-4155-B2CC-F095CA6BCF0D}.Debug|Any CPU.ActiveCfg = Debug|Any CPU
		{0338A471-D4EE-4155-B2CC-F095CA6BCF0D}.Debug|Any CPU.Build.0 = Debug|Any CPU
		{0338A471-D4EE-4155-B2CC-F095CA6BCF0D}.Release|Any CPU.ActiveCfg = Release|Any CPU
		{0338A471-D4EE-4155-B2CC-F095CA6BCF0D}.Release|Any CPU.Build.0 = Release|Any CPU
	EndGlobalSection
	GlobalSection(SolutionProperties) = preSolution
		HideSolutionNode = FALSE
	EndGlobalSection
	GlobalSection(ExtensibilityGlobals) = postSolution
		SolutionGuid = {0DEF818A-A2D0-42D7-B384-DAAE65E8A7F2}
	EndGlobalSection
EndGlobal
