
Microsoft Visual Studio Solution File, Format Version 12.00
# Visual Studio Version 17
VisualStudioVersion = 17.0.31912.275
MinimumVisualStudioVersion = 10.0.40219.1
Project("{FAE04EC0-301F-11D3-BF4B-00C04F79EFBC}") = "WebApp", "WebApp\WebApp.csproj", "{1933339B-92D0-4287-BF04-67AECA176F8A}"
EndProject
Global
	GlobalSection(SolutionConfigurationPlatforms) = preSolution
		Debug|Any CPU = Debug|Any CPU
		Release|Any CPU = Release|Any CPU
	EndGlobalSection
	GlobalSection(ProjectConfigurationPlatforms) = postSolution
		{1933339B-92D0-4287-BF04-67AECA176F8A}.Debug|Any CPU.ActiveCfg = Debug|Any CPU
		{1933339B-92D0-4287-BF04-67AECA176F8A}.Debug|Any CPU.Build.0 = Debug|Any CPU
		{1933339B-92D0-4287-BF04-67AECA176F8A}.Release|Any CPU.ActiveCfg = Release|Any CPU
		{1933339B-92D0-4287-BF04-67AECA176F8A}.Release|Any CPU.Build.0 = Release|Any CPU
	EndGlobalSection
	GlobalSection(SolutionProperties) = preSolution
		HideSolutionNode = FALSE
	EndGlobalSection
	GlobalSection(ExtensibilityGlobals) = postSolution
		SolutionGuid = {2E436866-F021-4111-8209-027ADFE2ACE3}
	EndGlobalSection
EndGlobal
